<?xml version="1.0" encoding="utf-8"?>
<Project ToolsVersion="4.0" xmlns="http://schemas.microsoft.com/developer/msbuild/2003">
  <ItemGroup>
    <Filter Include="common">
      <UniqueIdentifier>{AEFEE3F6-9AA0-0ECD-835B-22216F9C951D}</UniqueIdentifier>
    </Filter>
    <Filter Include="common\GL">
      <UniqueIdentifier>{5079AB3B-BCE3-5FB2-0522-115871CB3D07}</UniqueIdentifier>
    </Filter>
    <Filter Include="common\glfw">
      <UniqueIdentifier>{2D2F81D4-99E4-F9C9-22D9-F3A08E8DF0CD}</UniqueIdentifier>
    </Filter>
    <Filter Include="common\glfw\glfw-3.3.3">
      <UniqueIdentifier>{8EBECC42-7AB8-F594-6325-8CA54FBE5B01}</UniqueIdentifier>
    </Filter>
    <Filter Include="common\glfw\glfw-3.3.3\deps">
      <UniqueIdentifier>{69193B65-D526-694B-5E0D-6536CA193502}</UniqueIdentifier>
    </Filter>
    <Filter Include="common\glfw\glfw-3.3.3\deps\glad">
      <UniqueIdentifier>{10368D2B-FC86-786D-25EB-662F119B0BD7}</UniqueIdentifier>
    </Filter>
    <Filter Include="common\glfw\glfw-3.3.3\deps\mingw">
      <UniqueIdentifier>{1A1E9F9D-868C-F41C-CF75-AF1C3B23EAB8}</UniqueIdentifier>
    </Filter>
    <Filter Include="common\glfw\glfw-3.3.3\include">
      <UniqueIdentifier>{01943E42-EDB9-08A9-D6FF-8D74C2C42D75}</UniqueIdentifier>
    </Filter>
    <Filter Include="common\glfw\glfw-3.3.3\include\GLFW">
      <UniqueIdentifier>{E0F74A9A-4CB1-B544-D510-D01E41C96BB4}</UniqueIdentifier>
    </Filter>
    <Filter Include="common\glfw\glfw-3.3.3\src">
      <UniqueIdentifier>{A5132141-9123-CD11-FADC-3130E60BBCAA}</UniqueIdentifier>
    </Filter>
    <Filter Include="common">
      <UniqueIdentifier>{AEFEE3F6-9AA0-0ECD-835B-22216F9C951D}</UniqueIdentifier>
    </Filter>
    <Filter Include="im3d">
      <UniqueIdentifier>{F279987C-DEB0-990D-879D-7F1073B3150F}</UniqueIdentifier>
    </Filter>
    <Filter Include="imgui">
      <UniqueIdentifier>{0098A80F-6CAC-D0C0-352E-7420A101CDF1}</UniqueIdentifier>
    </Filter>
  </ItemGroup>
  <ItemGroup>
    <ClInclude Include="..\..\..\im3d.h">
      <Filter>im3d</Filter>
    </ClInclude>
    <ClInclude Include="..\..\..\im3d_config.h">
      <Filter>im3d</Filter>
    </ClInclude>
    <ClInclude Include="..\..\..\im3d_math.h">
      <Filter>im3d</Filter>
    </ClInclude>
    <ClInclude Include="..\..\common\GL\eglew.h">
      <Filter>common\GL</Filter>
    </ClInclude>
    <ClInclude Include="..\..\common\GL\glew.h">
      <Filter>common\GL</Filter>
    </ClInclude>
    <ClInclude Include="..\..\common\GL\glxew.h">
      <Filter>common\GL</Filter>
    </ClInclude>
    <ClInclude Include="..\..\common\GL\wglew.h">
      <Filter>common\GL</Filter>
    </ClInclude>
    <ClInclude Include="..\..\common\glfw\glfw-3.3.3\deps\getopt.h">
      <Filter>common\glfw\glfw-3.3.3\deps</Filter>
    </ClInclude>
    <ClInclude Include="..\..\common\glfw\glfw-3.3.3\deps\glad\gl.h">
      <Filter>common\glfw\glfw-3.3.3\deps\glad</Filter>
    </ClInclude>
    <ClInclude Include="..\..\common\glfw\glfw-3.3.3\deps\glad\khrplatform.h">
      <Filter>common\glfw\glfw-3.3.3\deps\glad</Filter>
    </ClInclude>
    <ClInclude Include="..\..\common\glfw\glfw-3.3.3\deps\glad\vk_platform.h">
      <Filter>common\glfw\glfw-3.3.3\deps\glad</Filter>
    </ClInclude>
    <ClInclude Include="..\..\common\glfw\glfw-3.3.3\deps\glad\vulkan.h">
      <Filter>common\glfw\glfw-3.3.3\deps\glad</Filter>
    </ClInclude>
    <ClInclude Include="..\..\common\glfw\glfw-3.3.3\deps\linmath.h">
      <Filter>common\glfw\glfw-3.3.3\deps</Filter>
    </ClInclude>
    <ClInclude Include="..\..\common\glfw\glfw-3.3.3\deps\mingw\_mingw_dxhelper.h">
      <Filter>common\glfw\glfw-3.3.3\deps\mingw</Filter>
    </ClInclude>
    <ClInclude Include="..\..\common\glfw\glfw-3.3.3\deps\mingw\dinput.h">
      <Filter>common\glfw\glfw-3.3.3\deps\mingw</Filter>
    </ClInclude>
    <ClInclude Include="..\..\common\glfw\glfw-3.3.3\deps\mingw\xinput.h">
      <Filter>common\glfw\glfw-3.3.3\deps\mingw</Filter>
    </ClInclude>
    <ClInclude Include="..\..\common\glfw\glfw-3.3.3\deps\nuklear.h">
      <Filter>common\glfw\glfw-3.3.3\deps</Filter>
    </ClInclude>
    <ClInclude Include="..\..\common\glfw\glfw-3.3.3\deps\nuklear_glfw_gl2.h">
      <Filter>common\glfw\glfw-3.3.3\deps</Filter>
    </ClInclude>
    <ClInclude Include="..\..\common\glfw\glfw-3.3.3\deps\stb_image_write.h">
      <Filter>common\glfw\glfw-3.3.3\deps</Filter>
    </ClInclude>
    <ClInclude Include="..\..\common\glfw\glfw-3.3.3\deps\tinycthread.h">
      <Filter>common\glfw\glfw-3.3.3\deps</Filter>
    </ClInclude>
    <ClInclude Include="..\..\common\glfw\glfw-3.3.3\include\GLFW\glfw3.h">
      <Filter>common\glfw\glfw-3.3.3\include\GLFW</Filter>
    </ClInclude>
    <ClInclude Include="..\..\common\glfw\glfw-3.3.3\include\GLFW\glfw3native.h">
      <Filter>common\glfw\glfw-3.3.3\include\GLFW</Filter>
    </ClInclude>
    <ClInclude Include="..\..\common\glfw\glfw-3.3.3\src\cocoa_joystick.h">
      <Filter>common\glfw\glfw-3.3.3\src</Filter>
    </ClInclude>
    <ClInclude Include="..\..\common\glfw\glfw-3.3.3\src\cocoa_platform.h">
      <Filter>common\glfw\glfw-3.3.3\src</Filter>
    </ClInclude>
    <ClInclude Include="..\..\common\glfw\glfw-3.3.3\src\egl_context.h">
      <Filter>common\glfw\glfw-3.3.3\src</Filter>
    </ClInclude>
    <ClInclude Include="..\..\common\glfw\glfw-3.3.3\src\glx_context.h">
      <Filter>common\glfw\glfw-3.3.3\src</Filter>
    </ClInclude>
    <ClInclude Include="..\..\common\glfw\glfw-3.3.3\src\internal.h">
      <Filter>common\glfw\glfw-3.3.3\src</Filter>
    </ClInclude>
    <ClInclude Include="..\..\common\glfw\glfw-3.3.3\src\linux_joystick.h">
      <Filter>common\glfw\glfw-3.3.3\src</Filter>
    </ClInclude>
    <ClInclude Include="..\..\common\glfw\glfw-3.3.3\src\mappings.h">
      <Filter>common\glfw\glfw-3.3.3\src</Filter>
    </ClInclude>
    <ClInclude Include="..\..\common\glfw\glfw-3.3.3\src\nsgl_context.h">
      <Filter>common\glfw\glfw-3.3.3\src</Filter>
    </ClInclude>
    <ClInclude Include="..\..\common\glfw\glfw-3.3.3\src\null_joystick.h">
      <Filter>common\glfw\glfw-3.3.3\src</Filter>
    </ClInclude>
    <ClInclude Include="..\..\common\glfw\glfw-3.3.3\src\null_platform.h">
      <Filter>common\glfw\glfw-3.3.3\src</Filter>
    </ClInclude>
    <ClInclude Include="..\..\common\glfw\glfw-3.3.3\src\osmesa_context.h">
      <Filter>common\glfw\glfw-3.3.3\src</Filter>
    </ClInclude>
    <ClInclude Include="..\..\common\glfw\glfw-3.3.3\src\posix_thread.h">
      <Filter>common\glfw\glfw-3.3.3\src</Filter>
    </ClInclude>
    <ClInclude Include="..\..\common\glfw\glfw-3.3.3\src\posix_time.h">
      <Filter>common\glfw\glfw-3.3.3\src</Filter>
    </ClInclude>
    <ClInclude Include="..\..\common\glfw\glfw-3.3.3\src\wgl_context.h">
      <Filter>common\glfw\glfw-3.3.3\src</Filter>
    </ClInclude>
    <ClInclude Include="..\..\common\glfw\glfw-3.3.3\src\win32_joystick.h">
      <Filter>common\glfw\glfw-3.3.3\src</Filter>
    </ClInclude>
    <ClInclude Include="..\..\common\glfw\glfw-3.3.3\src\win32_platform.h">
      <Filter>common\glfw\glfw-3.3.3\src</Filter>
    </ClInclude>
    <ClInclude Include="..\..\common\glfw\glfw-3.3.3\src\wl_platform.h">
      <Filter>common\glfw\glfw-3.3.3\src</Filter>
    </ClInclude>
    <ClInclude Include="..\..\common\glfw\glfw-3.3.3\src\x11_platform.h">
      <Filter>common\glfw\glfw-3.3.3\src</Filter>
    </ClInclude>
    <ClInclude Include="..\..\common\glfw\glfw-3.3.3\src\xkb_unicode.h">
      <Filter>common\glfw\glfw-3.3.3\src</Filter>
    </ClInclude>
    <ClInclude Include="..\..\common\im3d_example.h">
      <Filter>common</Filter>
    </ClInclude>
    <ClInclude Include="..\..\common\imgui\backends\imgui_impl_glfw.h">
      <Filter>imgui</Filter>
    </ClInclude>
    <ClInclude Include="..\..\common\imgui\backends\imgui_impl_opengl3.h">
      <Filter>imgui</Filter>
    </ClInclude>
    <ClInclude Include="..\..\common\imgui\imconfig.h">
      <Filter>imgui</Filter>
    </ClInclude>
    <ClInclude Include="..\..\common\imgui\imgui.h">
      <Filter>imgui</Filter>
    </ClInclude>
    <ClInclude Include="..\..\common\imgui\imgui_internal.h">
      <Filter>imgui</Filter>
    </ClInclude>
    <ClInclude Include="..\..\common\imgui\imstb_rectpack.h">
      <Filter>imgui</Filter>
    </ClInclude>
    <ClInclude Include="..\..\common\imgui\imstb_textedit.h">
      <Filter>imgui</Filter>
    </ClInclude>
    <ClInclude Include="..\..\common\imgui\imstb_truetype.h">
      <Filter>imgui</Filter>
    </ClInclude>
    <ClInclude Include="..\..\common\teapot.h">
      <Filter>common</Filter>
    </ClInclude>
  </ItemGroup>
  <ItemGroup>
    <ClCompile Include="..\..\..\im3d.cpp">
      <Filter>im3d</Filter>
    </ClCompile>
    <ClCompile Include="..\..\common\GL\glew.c">
      <Filter>common\GL</Filter>
    </ClCompile>
    <ClCompile Include="..\..\common\im3d_example.cpp">
      <Filter>common</Filter>
    </ClCompile>
    <ClCompile Include="..\..\common\imgui\backends\imgui_impl_glfw.cpp">
      <Filter>imgui</Filter>
    </ClCompile>
    <ClCompile Include="..\..\common\imgui\backends\imgui_impl_opengl3.cpp">
      <Filter>imgui</Filter>
    </ClCompile>
    <ClCompile Include="..\..\common\imgui\imgui.cpp">
      <Filter>imgui</Filter>
    </ClCompile>
    <ClCompile Include="..\..\common\imgui\imgui_demo.cpp">
      <Filter>imgui</Filter>
    </ClCompile>
    <ClCompile Include="..\..\common\imgui\imgui_draw.cpp">
      <Filter>imgui</Filter>
    </ClCompile>
    <ClCompile Include="..\..\common\imgui\imgui_tables.cpp">
      <Filter>imgui</Filter>
    </ClCompile>
    <ClCompile Include="..\..\common\imgui\imgui_widgets.cpp">
      <Filter>imgui</Filter>
    </ClCompile>
    <ClCompile Include="..\..\common\main.cpp">
      <Filter>common</Filter>
    </ClCompile>
    <ClCompile Include="..\im3d_opengl33.cpp" />
  </ItemGroup>
</Project>